
Microsoft Visual Studio Solution File, Format Version 12.00
# Visual Studio Version 17
VisualStudioVersion = 17.14.36623.8 d17.14
MinimumVisualStudioVersion = 10.0.40219.1
Project("{FAE04EC0-301F-11D3-BF4B-00C04F79EFBC}") = "librarycompany", "librarycompany\librarycompany.csproj", "{48A567C6-7A92-462A-A27B-3B2926545C67}"
EndProject
Global
	GlobalSection(SolutionConfigurationPlatforms) = preSolution
		Debug|Any CPU = Debug|Any CPU
		Release|Any CPU = Release|Any CPU
	EndGlobalSection
	GlobalSection(ProjectConfigurationPlatforms) = postSolution
		{48A567C6-7A92-462A-A27B-3B2926545C67}.Debug|Any CPU.ActiveCfg = Debug|Any CPU
		{48A567C6-7A92-462A-A27B-3B2926545C67}.Debug|Any CPU.Build.0 = Debug|Any CPU
		{48A567C6-7A92-462A-A27B-3B2926545C67}.Release|Any CPU.ActiveCfg = Release|Any CPU
		{48A567C6-7A92-462A-A27B-3B2926545C67}.Release|Any CPU.Build.0 = Release|Any CPU
	EndGlobalSection
	GlobalSection(SolutionProperties) = preSolution
		HideSolutionNode = FALSE
	EndGlobalSection
	GlobalSection(ExtensibilityGlobals) = postSolution
		SolutionGuid = {2973FCCB-80EA-4A90-858C-935CAAE13345}
	EndGlobalSection
EndGlobal
